// !$*UTF8*$!
{
	archiveVersion = 1;
	classes = {
	};
	objectVersion = 77;
	objects = {

/* Begin PBXBuildFile section */
		A06248E82DEFF5C700BFFFCB /* GoogleSignInSwift in Frameworks */ = {isa = PBXBuildFile; productRef = A09AA5ED2DEE8A3400C87312 /* GoogleSignInSwift */; };
		A09AA5E82DEE8A3400C87312 /* GoogleMobileAds in Frameworks */ = {isa = PBXBuildFile; productRef = A09AA5E72DEE8A3400C87312 /* GoogleMobileAds */; };
		A09AA5EA2DEE8A3400C87312 /* GoogleUserMessagingPlatform in Frameworks */ = {isa = PBXBuildFile; productRef = A09AA5E92DEE8A3400C87312 /* GoogleUserMessagingPlatform */; };
		A09AA5EC2DEE8A3400C87312 /* GoogleSignIn in Frameworks */ = {isa = PBXBuildFile; productRef = A09AA5EB2DEE8A3400C87312 /* GoogleSignIn */; };
		A09AA5EE2DEE8A3400C87312 /* GoogleSignIn in Frameworks */ = {isa = PBXBuildFile; productRef = A09AA5EB2DEE8A3400C87312 /* GoogleSignIn */; };
/* End PBXBuildFile section */

/* Begin PBXContainerItemProxy section */
		A09AA5BB2DECF00900C87312 /* PBXContainerItemProxy */ = {
			isa = PBXContainerItemProxy;
			containerPortal = A09AA5A52DECF00700C87312 /* Project object */;
			proxyType = 1;
			remoteGlobalIDString = A09AA5AC2DECF00700C87312;
			remoteInfo = ShootVeil;
		};
		A09AA5C52DECF00900C87312 /* PBXContainerItemProxy */ = {
			isa = PBXContainerItemProxy;
			containerPortal = A09AA5A52DECF00700C87312 /* Project object */;
			proxyType = 1;
			remoteGlobalIDString = A09AA5AC2DECF00700C87312;
			remoteInfo = ShootVeil;
		};
/* End PBXContainerItemProxy section */

/* Begin PBXFileReference section */
		A09AA5AD2DECF00700C87312 /* ShootVeil.app */ = {isa = PBXFileReference; explicitFileType = wrapper.application; includeInIndex = 0; path = ShootVeil.app; sourceTree = BUILT_PRODUCTS_DIR; };
		A09AA5BA2DECF00900C87312 /* ShootVeilTests.xctest */ = {isa = PBXFileReference; explicitFileType = wrapper.cfbundle; includeInIndex = 0; path = ShootVeilTests.xctest; sourceTree = BUILT_PRODUCTS_DIR; };
		A09AA5C42DECF00900C87312 /* ShootVeilUITests.xctest */ = {isa = PBXFileReference; explicitFileType = wrapper.cfbundle; includeInIndex = 0; path = ShootVeilUITests.xctest; sourceTree = BUILT_PRODUCTS_DIR; };
/* End PBXFileReference section */

/* Begin PBXFileSystemSynchronizedBuildFileExceptionSet section */
		A09AA5AF2DECF00700C87313 /* Exceptions for "ShootVeil" folder in "ShootVeil" target */ = {
			isa = PBXFileSystemSynchronizedBuildFileExceptionSet;
			membershipExceptions = (
				Info.plist,
			);
			target = A09AA5AC2DECF00700C87312 /* ShootVeil */;
		};
/* End PBXFileSystemSynchronizedBuildFileExceptionSet section */

/* Begin PBXFileSystemSynchronizedRootGroup section */
		A09AA5AF2DECF00700C87312 /* ShootVeil */ = {
			isa = PBXFileSystemSynchronizedRootGroup;
			exceptions = (
				A09AA5AF2DECF00700C87313 /* Exceptions for "ShootVeil" folder in "ShootVeil" target */,
			);
			path = ShootVeil;
			sourceTree = "<group>";
		};
		A09AA5BD2DECF00900C87312 /* ShootVeilTests */ = {
			isa = PBXFileSystemSynchronizedRootGroup;
			path = ShootVeilTests;
			sourceTree = "<group>";
		};
		A09AA5C72DECF00900C87312 /* ShootVeilUITests */ = {
			isa = PBXFileSystemSynchronizedRootGroup;
			path = ShootVeilUITests;
			sourceTree = "<group>";
		};
/* End PBXFileSystemSynchronizedRootGroup section */

/* Begin PBXFrameworksBuildPhase section */
		A09AA5AA2DECF00700C87312 /* Frameworks */ = {
			isa = PBXFrameworksBuildPhase;
			buildActionMask = 2147483647;
			files = (
				A06248E82DEFF5C700BFFFCB /* GoogleSignInSwift in Frameworks */,
				A09AA5E82DEE8A3400C87312 /* GoogleMobileAds in Frameworks */,
				A09AA5EA2DEE8A3400C87312 /* GoogleUserMessagingPlatform in Frameworks */,
				A09AA5EC2DEE8A3400C87312 /* GoogleSignIn in Frameworks */,
				A09AA5EE2DEE8A3400C87312 /* GoogleSignIn in Frameworks */,
			);
			runOnlyForDeploymentPostprocessing = 0;
		};
		A09AA5B72DECF00900C87312 /* Frameworks */ = {
			isa = PBXFrameworksBuildPhase;
			buildActionMask = 2147483647;
			files = (
			);
			runOnlyForDeploymentPostprocessing = 0;
		};
		A09AA5C12DECF00900C87312 /* Frameworks */ = {
			isa = PBXFrameworksBuildPhase;
			buildActionMask = 2147483647;
			files = (
			);
			runOnlyForDeploymentPostprocessing = 0;
		};
/* End PBXFrameworksBuildPhase section */

/* Begin PBXGroup section */
		A09AA5A42DECF00700C87312 = {
			isa = PBXGroup;
			children = (
				A09AA5AF2DECF00700C87312 /* ShootVeil */,
				A09AA5BD2DECF00900C87312 /* ShootVeilTests */,
				A09AA5C72DECF00900C87312 /* ShootVeilUITests */,
				A09AA5AE2DECF00700C87312 /* Products */,
			);
			sourceTree = "<group>";
		};
		A09AA5AE2DECF00700C87312 /* Products */ = {
			isa = PBXGroup;
			children = (
				A09AA5AD2DECF00700C87312 /* ShootVeil.app */,
				A09AA5BA2DECF00900C87312 /* ShootVeilTests.xctest */,
				A09AA5C42DECF00900C87312 /* ShootVeilUITests.xctest */,
			);
			name = Products;
			sourceTree = "<group>";
		};
/* End PBXGroup section */

/* Begin PBXNativeTarget section */
		A09AA5AC2DECF00700C87312 /* ShootVeil */ = {
			isa = PBXNativeTarget;
			buildConfigurationList = A09AA5CE2DECF00900C87312 /* Build configuration list for PBXNativeTarget "ShootVeil" */;
			buildPhases = (
				A09AA5A92DECF00700C87312 /* Sources */,
				A09AA5AA2DECF00700C87312 /* Frameworks */,
				A09AA5AB2DECF00700C87312 /* Resources */,
			);
			buildRules = (
			);
			dependencies = (
			);
			fileSystemSynchronizedGroups = (
				A09AA5AF2DECF00700C87312 /* ShootVeil */,
			);
			name = ShootVeil;
			packageProductDependencies = (
				A09AA5E72DEE8A3400C87312 /* GoogleMobileAds */,
				A09AA5E92DEE8A3400C87312 /* GoogleUserMessagingPlatform */,
				A09AA5EB2DEE8A3400C87312 /* GoogleSignIn */,
				A09AA5ED2DEE8A3400C87312 /* GoogleSignInSwift */,
			);
			productName = ShootVeil;
			productReference = A09AA5AD2DECF00700C87312 /* ShootVeil.app */;
			productType = "com.apple.product-type.application";
		};
		A09AA5B92DECF00900C87312 /* ShootVeilTests */ = {
			isa = PBXNativeTarget;
			buildConfigurationList = A09AA5D12DECF00900C87312 /* Build configuration list for PBXNativeTarget "ShootVeilTests" */;
			buildPhases = (
				A09AA5B62DECF00900C87312 /* Sources */,
				A09AA5B72DECF00900C87312 /* Frameworks */,
				A09AA5B82DECF00900C87312 /* Resources */,
			);
			buildRules = (
			);
			dependencies = (
				A09AA5BC2DECF00900C87312 /* PBXTargetDependency */,
			);
			fileSystemSynchronizedGroups = (
				A09AA5BD2DECF00900C87312 /* ShootVeilTests */,
			);
			name = ShootVeilTests;
			packageProductDependencies = (
			);
			productName = ShootVeilTests;
			productReference = A09AA5BA2DECF00900C87312 /* ShootVeilTests.xctest */;
			productType = "com.apple.product-type.bundle.unit-test";
		};
		A09AA5C32DECF00900C87312 /* ShootVeilUITests */ = {
			isa = PBXNativeTarget;
			buildConfigurationList = A09AA5D42DECF00900C87312 /* Build configuration list for PBXNativeTarget "ShootVeilUITests" */;
			buildPhases = (
				A09AA5C02DECF00900C87312 /* Sources */,
				A09AA5C12DECF00900C87312 /* Frameworks */,
				A09AA5C22DECF00900C87312 /* Resources */,
			);
			buildRules = (
			);
			dependencies = (
				A09AA5C62DECF00900C87312 /* PBXTargetDependency */,
			);
			fileSystemSynchronizedGroups = (
				A09AA5C72DECF00900C87312 /* ShootVeilUITests */,
			);
			name = ShootVeilUITests;
			packageProductDependencies = (
			);
			productName = ShootVeilUITests;
			productReference = A09AA5C42DECF00900C87312 /* ShootVeilUITests.xctest */;
			productType = "com.apple.product-type.bundle.ui-testing";
		};
/* End PBXNativeTarget section */

/* Begin PBXProject section */
		A09AA5A52DECF00700C87312 /* Project object */ = {
			isa = PBXProject;
			attributes = {
				BuildIndependentTargetsInParallel = 1;
				LastSwiftUpdateCheck = 1630;
				LastUpgradeCheck = 1630;
				TargetAttributes = {
					A09AA5AC2DECF00700C87312 = {
						CreatedOnToolsVersion = 16.3;
					};
					A09AA5B92DECF00900C87312 = {
						CreatedOnToolsVersion = 16.3;
						TestTargetID = A09AA5AC2DECF00700C87312;
					};
					A09AA5C32DECF00900C87312 = {
						CreatedOnToolsVersion = 16.3;
						TestTargetID = A09AA5AC2DECF00700C87312;
					};
				};
			};
			buildConfigurationList = A09AA5A82DECF00700C87312 /* Build configuration list for PBXProject "ShootVeil" */;
			developmentRegion = en;
			hasScannedForEncodings = 0;
			knownRegions = (
				en,
				Base,
			);
			mainGroup = A09AA5A42DECF00700C87312;
			minimizedProjectReferenceProxies = 1;
			packageReferences = (
				A09AA5E62DEE8A3400C87312 /* XCRemoteSwiftPackageReference "swift-package-manager-google-mobile-ads" */,
				A09AA5F02DEE8A3400C87312 /* XCRemoteSwiftPackageReference "GoogleSignIn-iOS" */,
			);
			preferredProjectObjectVersion = 77;
			productRefGroup = A09AA5AE2DECF00700C87312 /* Products */;
			projectDirPath = "";
			projectRoot = "";
			targets = (
				A09AA5AC2DECF00700C87312 /* ShootVeil */,
				A09AA5B92DECF00900C87312 /* ShootVeilTests */,
				A09AA5C32DECF00900C87312 /* ShootVeilUITests */,
			);
		};
/* End PBXProject section */

/* Begin PBXResourcesBuildPhase section */
		A09AA5AB2DECF00700C87312 /* Resources */ = {
			isa = PBXResourcesBuildPhase;
			buildActionMask = 2147483647;
			files = (
			);
			runOnlyForDeploymentPostprocessing = 0;
		};
		A09AA5B82DECF00900C87312 /* Resources */ = {
			isa = PBXResourcesBuildPhase;
			buildActionMask = 2147483647;
			files = (
			);
			runOnlyForDeploymentPostprocessing = 0;
		};
		A09AA5C22DECF00900C87312 /* Resources */ = {
			isa = PBXResourcesBuildPhase;
			buildActionMask = 2147483647;
			files = (
			);
			runOnlyForDeploymentPostprocessing = 0;
		};
/* End PBXResourcesBuildPhase section */

/* Begin PBXSourcesBuildPhase section */
		A09AA5A92DECF00700C87312 /* Sources */ = {
			isa = PBXSourcesBuildPhase;
			buildActionMask = 2147483647;
			files = (
			);
			runOnlyForDeploymentPostprocessing = 0;
		};
		A09AA5B62DECF00900C87312 /* Sources */ = {
			isa = PBXSourcesBuildPhase;
			buildActionMask = 2147483647;
			files = (
			);
			runOnlyForDeploymentPostprocessing = 0;
		};
		A09AA5C02DECF00900C87312 /* Sources */ = {
			isa = PBXSourcesBuildPhase;
			buildActionMask = 2147483647;
			files = (
			);
			runOnlyForDeploymentPostprocessing = 0;
		};
/* End PBXSourcesBuildPhase section */

/* Begin PBXTargetDependency section */
		A09AA5BC2DECF00900C87312 /* PBXTargetDependency */ = {
			isa = PBXTargetDependency;
			target = A09AA5AC2DECF00700C87312 /* ShootVeil */;
			targetProxy = A09AA5BB2DECF00900C87312 /* PBXContainerItemProxy */;
		};
		A09AA5C62DECF00900C87312 /* PBXTargetDependency */ = {
			isa = PBXTargetDependency;
			target = A09AA5AC2DECF00700C87312 /* ShootVeil */;
			targetProxy = A09AA5C52DECF00900C87312 /* PBXContainerItemProxy */;
		};
/* End PBXTargetDependency section */

/* Begin XCBuildConfiguration section */
		A09AA5CC2DECF00900C87312 /* Debug */ = {
			isa = XCBuildConfiguration;
			buildSettings = {
				ALWAYS_SEARCH_USER_PATHS = NO;
				ASSETCATALOG_COMPILER_GENERATE_SWIFT_ASSET_SYMBOL_EXTENSIONS = YES;
				CLANG_ANALYZER_NONNULL = YES;
				CLANG_ANALYZER_NUMBER_OBJECT_CONVERSION = YES_AGGRESSIVE;
				CLANG_CXX_LANGUAGE_STANDARD = "gnu++20";
				CLANG_ENABLE_MODULES = YES;
				CLANG_ENABLE_OBJC_ARC = YES;
				CLANG_ENABLE_OBJC_WEAK = YES;
				CLANG_WARN_BLOCK_CAPTURE_AUTORELEASING = YES;
				CLANG_WARN_BOOL_CONVERSION = YES;
				CLANG_WARN_COMMA = YES;
				CLANG_WARN_CONSTANT_CONVERSION = YES;
				CLANG_WARN_DEPRECATED_OBJC_IMPLEMENTATIONS = YES;
				CLANG_WARN_DIRECT_OBJC_ISA_USAGE = YES_ERROR;
				CLANG_WARN_DOCUMENTATION_COMMENTS = YES;
				CLANG_WARN_EMPTY_BODY = YES;
				CLANG_WARN_ENUM_CONVERSION = YES;
				CLANG_WARN_INFINITE_RECURSION = YES;
				CLANG_WARN_INT_CONVERSION = YES;
				CLANG_WARN_NON_LITERAL_NULL_CONVERSION = YES;
				CLANG_WARN_OBJC_IMPLICIT_RETAIN_SELF = YES;
				CLANG_WARN_OBJC_LITERAL_CONVERSION = YES;
				CLANG_WARN_OBJC_ROOT_CLASS = YES_ERROR;
				CLANG_WARN_QUOTED_INCLUDE_IN_FRAMEWORK_HEADER = YES;
				CLANG_WARN_RANGE_LOOP_ANALYSIS = YES;
				CLANG_WARN_STRICT_PROTOTYPES = YES;
				CLANG_WARN_SUSPICIOUS_MOVE = YES;
				CLANG_WARN_UNGUARDED_AVAILABILITY = YES_AGGRESSIVE;
				CLANG_WARN_UNREACHABLE_CODE = YES;
				CLANG_WARN__DUPLICATE_METHOD_MATCH = YES;
				COPY_PHASE_STRIP = NO;
				DEBUG_INFORMATION_FORMAT = dwarf;
				ENABLE_STRICT_OBJC_MSGSEND = YES;
				ENABLE_TESTABILITY = YES;
				ENABLE_USER_SCRIPT_SANDBOXING = YES;
				GCC_C_LANGUAGE_STANDARD = gnu17;
				GCC_DYNAMIC_NO_PIC = NO;
				GCC_NO_COMMON_BLOCKS = YES;
				GCC_OPTIMIZATION_LEVEL = 0;
				GCC_PREPROCESSOR_DEFINITIONS = (
					"DEBUG=1",
					"$(inherited)",
				);
				GCC_WARN_64_TO_32_BIT_CONVERSION = YES;
				GCC_WARN_ABOUT_RETURN_TYPE = YES_ERROR;
				GCC_WARN_UNDECLARED_SELECTOR = YES;
				GCC_WARN_UNINITIALIZED_AUTOS = YES_AGGRESSIVE;
				GCC_WARN_UNUSED_FUNCTION = YES;
				GCC_WARN_UNUSED_VARIABLE = YES;
				IPHONEOS_DEPLOYMENT_TARGET = 18.4;
				LOCALIZATION_PREFERS_STRING_CATALOGS = YES;
				MTL_ENABLE_DEBUG_INFO = INCLUDE_SOURCE;
				MTL_FAST_MATH = YES;
				ONLY_ACTIVE_ARCH = YES;
				SDKROOT = iphoneos;
				SWIFT_ACTIVE_COMPILATION_CONDITIONS = "DEBUG $(inherited)";
				SWIFT_OPTIMIZATION_LEVEL = "-Onone";
			};
			name = Debug;
		};
		A09AA5CD2DECF00900C87312 /* Release */ = {
			isa = XCBuildConfiguration;
			buildSettings = {
				ALWAYS_SEARCH_USER_PATHS = NO;
				ASSETCATALOG_COMPILER_GENERATE_SWIFT_ASSET_SYMBOL_EXTENSIONS = YES;
				CLANG_ANALYZER_NONNULL = YES;
				CLANG_ANALYZER_NUMBER_OBJECT_CONVERSION = YES_AGGRESSIVE;
				CLANG_CXX_LANGUAGE_STANDARD = "gnu++20";
				CLANG_ENABLE_MODULES = YES;
				CLANG_ENABLE_OBJC_ARC = YES;
				CLANG_ENABLE_OBJC_WEAK = YES;
				CLANG_WARN_BLOCK_CAPTURE_AUTORELEASING = YES;
				CLANG_WARN_BOOL_CONVERSION = YES;
				CLANG_WARN_COMMA = YES;
				CLANG_WARN_CONSTANT_CONVERSION = YES;
				CLANG_WARN_DEPRECATED_OBJC_IMPLEMENTATIONS = YES;
				CLANG_WARN_DIRECT_OBJC_ISA_USAGE = YES_ERROR;
				CLANG_WARN_DOCUMENTATION_COMMENTS = YES;
				CLANG_WARN_EMPTY_BODY = YES;
				CLANG_WARN_ENUM_CONVERSION = YES;
				CLANG_WARN_INFINITE_RECURSION = YES;
				CLANG_WARN_INT_CONVERSION = YES;
				CLANG_WARN_NON_LITERAL_NULL_CONVERSION = YES;
				CLANG_WARN_OBJC_IMPLICIT_RETAIN_SELF = YES;
				CLANG_WARN_OBJC_LITERAL_CONVERSION = YES;
				CLANG_WARN_OBJC_ROOT_CLASS = YES_ERROR;
				CLANG_WARN_QUOTED_INCLUDE_IN_FRAMEWORK_HEADER = YES;
				CLANG_WARN_RANGE_LOOP_ANALYSIS = YES;
				CLANG_WARN_STRICT_PROTOTYPES = YES;
				CLANG_WARN_SUSPICIOUS_MOVE = YES;
				CLANG_WARN_UNGUARDED_AVAILABILITY = YES_AGGRESSIVE;
				CLANG_WARN_UNREACHABLE_CODE = YES;
				CLANG_WARN__DUPLICATE_METHOD_MATCH = YES;
				COPY_PHASE_STRIP = NO;
				DEBUG_INFORMATION_FORMAT = "dwarf-with-dsym";
				ENABLE_NS_ASSERTIONS = NO;
				ENABLE_STRICT_OBJC_MSGSEND = YES;
				ENABLE_USER_SCRIPT_SANDBOXING = YES;
				GCC_C_LANGUAGE_STANDARD = gnu17;
				GCC_NO_COMMON_BLOCKS = YES;
				GCC_WARN_64_TO_32_BIT_CONVERSION = YES;
				GCC_WARN_ABOUT_RETURN_TYPE = YES_ERROR;
				GCC_WARN_UNDECLARED_SELECTOR = YES;
				GCC_WARN_UNINITIALIZED_AUTOS = YES_AGGRESSIVE;
				GCC_WARN_UNUSED_FUNCTION = YES;
				GCC_WARN_UNUSED_VARIABLE = YES;
				IPHONEOS_DEPLOYMENT_TARGET = 18.4;
				LOCALIZATION_PREFERS_STRING_CATALOGS = YES;
				MTL_ENABLE_DEBUG_INFO = NO;
				MTL_FAST_MATH = YES;
				SDKROOT = iphoneos;
				SWIFT_COMPILATION_MODE = wholemodule;
				VALIDATE_PRODUCT = YES;
			};
			name = Release;
		};
		A09AA5CF2DECF00900C87312 /* Debug */ = {
			isa = XCBuildConfiguration;
			buildSettings = {
				ASSETCATALOG_COMPILER_APPICON_NAME = AppIcon;
				ASSETCATALOG_COMPILER_GLOBAL_ACCENT_COLOR_NAME = AccentColor;
				CODE_SIGN_STYLE = Automatic;
				CURRENT_PROJECT_VERSION = 1;
				DEVELOPMENT_TEAM = 68CZAHVQ6L;
				ENABLE_PREVIEWS = YES;
				INFOPLIST_FILE = ShootVeil/Info.plist;
				INFOPLIST_KEY_UIApplicationSceneManifest_Generation = YES;
				INFOPLIST_KEY_UIApplicationSupportsIndirectInputEvents = YES;
				INFOPLIST_KEY_UILaunchScreen_Generation = YES;
				INFOPLIST_KEY_UISupportedInterfaceOrientations_iPad = "UIInterfaceOrientationPortrait UIInterfaceOrientationPortraitUpsideDown UIInterfaceOrientationLandscapeLeft UIInterfaceOrientationLandscapeRight";
				INFOPLIST_KEY_UISupportedInterfaceOrientations_iPhone = "UIInterfaceOrientationPortrait UIInterfaceOrientationPortraitUpsideDown UIInterfaceOrientationLandscapeLeft UIInterfaceOrientationLandscapeRight";
				LD_RUNPATH_SEARCH_PATHS = (
					"$(inherited)",
					"@executable_path/Frameworks",
				);
				MARKETING_VERSION = 1.0.0;
				PRODUCT_BUNDLE_IDENTIFIER = elah.ShootVeil;
				PRODUCT_NAME = "$(TARGET_NAME)";
				SWIFT_EMIT_LOC_STRINGS = YES;
				SWIFT_VERSION = 5.0;
				TARGETED_DEVICE_FAMILY = "1,2";
			};
			name = Debug;
		};
		A09AA5D02DECF00900C87312 /* Release */ = {
			isa = XCBuildConfiguration;
			buildSettings = {
				ASSETCATALOG_COMPILER_APPICON_NAME = AppIcon;
				ASSETCATALOG_COMPILER_GLOBAL_ACCENT_COLOR_NAME = AccentColor;
				CODE_SIGN_STYLE = Automatic;
				CURRENT_PROJECT_VERSION = 1;
				DEVELOPMENT_TEAM = 68CZAHVQ6L;
				ENABLE_PREVIEWS = YES;
				INFOPLIST_FILE = ShootVeil/Info.plist;
				INFOPLIST_KEY_UIApplicationSceneManifest_Generation = YES;
				INFOPLIST_KEY_UIApplicationSupportsIndirectInputEvents = YES;
				INFOPLIST_KEY_UILaunchScreen_Generation = YES;
				INFOPLIST_KEY_UISupportedInterfaceOrientations_iPad = "UIInterfaceOrientationPortrait UIInterfaceOrientationPortraitUpsideDown UIInterfaceOrientationLandscapeLeft UIInterfaceOrientationLandscapeRight";
				INFOPLIST_KEY_UISupportedInterfaceOrientations_iPhone = "UIInterfaceOrientationPortrait UIInterfaceOrientationPortraitUpsideDown UIInterfaceOrientationLandscapeLeft UIInterfaceOrientationLandscapeRight";
				LD_RUNPATH_SEARCH_PATHS = (
					"$(inherited)",
					"@executable_path/Frameworks",
				);
				MARKETING_VERSION = 1.0.0;
				PRODUCT_BUNDLE_IDENTIFIER = elah.ShootVeil;
				PRODUCT_NAME = "$(TARGET_NAME)";
				SWIFT_EMIT_LOC_STRINGS = YES;
				SWIFT_VERSION = 5.0;
				TARGETED_DEVICE_FAMILY = "1,2";
			};
			name = Release;
		};
		A09AA5D22DECF00900C87312 /* Debug */ = {
			isa = XCBuildConfiguration;
			buildSettings = {
				BUNDLE_LOADER = "$(TEST_HOST)";
				CODE_SIGN_STYLE = Automatic;
				CURRENT_PROJECT_VERSION = 1;
				GENERATE_INFOPLIST_FILE = YES;
				IPHONEOS_DEPLOYMENT_TARGET = 18.4;
				MARKETING_VERSION = 1.0;
				PRODUCT_BUNDLE_IDENTIFIER = elah.ShootVeilTests;
				PRODUCT_NAME = "$(TARGET_NAME)";
				SWIFT_EMIT_LOC_STRINGS = NO;
				SWIFT_VERSION = 5.0;
				TARGETED_DEVICE_FAMILY = "1,2";
				TEST_HOST = "$(BUILT_PRODUCTS_DIR)/ShootVeil.app/$(BUNDLE_EXECUTABLE_FOLDER_PATH)/ShootVeil";
			};
			name = Debug;
		};
		A09AA5D32DECF00900C87312 /* Release */ = {
			isa = XCBuildConfiguration;
			buildSettings = {
				BUNDLE_LOADER = "$(TEST_HOST)";
				CODE_SIGN_STYLE = Automatic;
				CURRENT_PROJECT_VERSION = 1;
				GENERATE_INFOPLIST_FILE = YES;
				IPHONEOS_DEPLOYMENT_TARGET = 18.4;
				MARKETING_VERSION = 1.0;
				PRODUCT_BUNDLE_IDENTIFIER = elah.ShootVeilTests;
				PRODUCT_NAME = "$(TARGET_NAME)";
				SWIFT_EMIT_LOC_STRINGS = NO;
				SWIFT_VERSION = 5.0;
				TARGETED_DEVICE_FAMILY = "1,2";
				TEST_HOST = "$(BUILT_PRODUCTS_DIR)/ShootVeil.app/$(BUNDLE_EXECUTABLE_FOLDER_PATH)/ShootVeil";
			};
			name = Release;
		};
		A09AA5D52DECF00900C87312 /* Debug */ = {
			isa = XCBuildConfiguration;
			buildSettings = {
				CODE_SIGN_STYLE = Automatic;
				CURRENT_PROJECT_VERSION = 1;
				GENERATE_INFOPLIST_FILE = YES;
				MARKETING_VERSION = 1.0;
				PRODUCT_BUNDLE_IDENTIFIER = elah.ShootVeilUITests;
				PRODUCT_NAME = "$(TARGET_NAME)";
				SWIFT_EMIT_LOC_STRINGS = NO;
				SWIFT_VERSION = 5.0;
				TARGETED_DEVICE_FAMILY = "1,2";
				TEST_TARGET_NAME = ShootVeil;
			};
			name = Debug;
		};
		A09AA5D62DECF00900C87312 /* Release */ = {
			isa = XCBuildConfiguration;
			buildSettings = {
				CODE_SIGN_STYLE = Automatic;
				CURRENT_PROJECT_VERSION = 1;
				GENERATE_INFOPLIST_FILE = YES;
				MARKETING_VERSION = 1.0;
				PRODUCT_BUNDLE_IDENTIFIER = elah.ShootVeilUITests;
				PRODUCT_NAME = "$(TARGET_NAME)";
				SWIFT_EMIT_LOC_STRINGS = NO;
				SWIFT_VERSION = 5.0;
				TARGETED_DEVICE_FAMILY = "1,2";
				TEST_TARGET_NAME = ShootVeil;
			};
			name = Release;
		};
/* End XCBuildConfiguration section */

/* Begin XCConfigurationList section */
		A09AA5A82DECF00700C87312 /* Build configuration list for PBXProject "ShootVeil" */ = {
			isa = XCConfigurationList;
			buildConfigurations = (
				A09AA5CC2DECF00900C87312 /* Debug */,
				A09AA5CD2DECF00900C87312 /* Release */,
			);
			defaultConfigurationIsVisible = 0;
			defaultConfigurationName = Release;
		};
		A09AA5CE2DECF00900C87312 /* Build configuration list for PBXNativeTarget "ShootVeil" */ = {
			isa = XCConfigurationList;
			buildConfigurations = (
				A09AA5CF2DECF00900C87312 /* Debug */,
				A09AA5D02DECF00900C87312 /* Release */,
			);
			defaultConfigurationIsVisible = 0;
			defaultConfigurationName = Release;
		};
		A09AA5D12DECF00900C87312 /* Build configuration list for PBXNativeTarget "ShootVeilTests" */ = {
			isa = XCConfigurationList;
			buildConfigurations = (
				A09AA5D22DECF00900C87312 /* Debug */,
				A09AA5D32DECF00900C87312 /* Release */,
			);
			defaultConfigurationIsVisible = 0;
			defaultConfigurationName = Release;
		};
		A09AA5D42DECF00900C87312 /* Build configuration list for PBXNativeTarget "ShootVeilUITests" */ = {
			isa = XCConfigurationList;
			buildConfigurations = (
				A09AA5D52DECF00900C87312 /* Debug */,
				A09AA5D62DECF00900C87312 /* Release */,
			);
			defaultConfigurationIsVisible = 0;
			defaultConfigurationName = Release;
		};
/* End XCConfigurationList section */

/* Begin XCRemoteSwiftPackageReference section */
		A09AA5E62DEE8A3400C87312 /* XCRemoteSwiftPackageReference "swift-package-manager-google-mobile-ads" */ = {
			isa = XCRemoteSwiftPackageReference;
			repositoryURL = "https://github.com/googleads/swift-package-manager-google-mobile-ads.git";
			requirement = {
				kind = upToNextMajorVersion;
				minimumVersion = 12.5.0;
			};
		};
		A09AA5F02DEE8A3400C87312 /* XCRemoteSwiftPackageReference "GoogleSignIn-iOS" */ = {
			isa = XCRemoteSwiftPackageReference;
			repositoryURL = "https://github.com/google/GoogleSignIn-iOS.git";
			requirement = {
				kind = upToNextMajorVersion;
				minimumVersion = 8.0.0;
			};
		};
/* End XCRemoteSwiftPackageReference section */

/* Begin XCSwiftPackageProductDependency section */
		A09AA5E72DEE8A3400C87312 /* GoogleMobileAds */ = {
			isa = XCSwiftPackageProductDependency;
			package = A09AA5E62DEE8A3400C87312 /* XCRemoteSwiftPackageReference "swift-package-manager-google-mobile-ads" */;
			productName = GoogleMobileAds;
		};
		A09AA5E92DEE8A3400C87312 /* GoogleUserMessagingPlatform */ = {
			isa = XCSwiftPackageProductDependency;
			package = A09AA5E62DEE8A3400C87312 /* XCRemoteSwiftPackageReference "swift-package-manager-google-mobile-ads" */;
			productName = GoogleUserMessagingPlatform;
		};
		A09AA5EB2DEE8A3400C87312 /* GoogleSignIn */ = {
			isa = XCSwiftPackageProductDependency;
			package = A09AA5F02DEE8A3400C87312 /* XCRemoteSwiftPackageReference "GoogleSignIn-iOS" */;
			productName = GoogleSignIn;
		};
		A09AA5ED2DEE8A3400C87312 /* GoogleSignInSwift */ = {
			isa = XCSwiftPackageProductDependency;
			package = A09AA5F02DEE8A3400C87312 /* XCRemoteSwiftPackageReference "GoogleSignIn-iOS" */;
			productName = GoogleSignInSwift;
		};
/* End XCSwiftPackageProductDependency section */
	};
	rootObject = A09AA5A52DECF00700C87312 /* Project object */;
}
